{
  "version": 1,
  "dependencies": {
    "net8.0": {
      "DocumentFormat.OpenXml": {
        "type": "Direct",
        "requested": "[3.5.1, )",
        "resolved": "3.5.1",
        "contentHash": "zxdOf5VVCe/uNklbRhj8dVBzQGj3DoqkUuqOp9cAZVuN8mNYDjof1lvSQA2OQNr8Ptc9d7pbA7Azq/ReaI3FpA==",
        "dependencies": {
          "DocumentFormat.OpenXml.Framework": "3.5.1"
        }
      },
      "Microsoft.NET.ILLink.Tasks": {
        "type": "Direct",
        "requested": "[8.0.30, )",
        "resolved": "8.0.30",
        "contentHash": "SfmwuZjUPBTEoBMAsXZ/hWkaEK9oL+Y/UtAx7N6RyWHfcMt9J0ExrNPuOgTyPbCXIyiTBFsxFNrPLEZNPmJcvA=="
      },
      "DocumentFormat.OpenXml.Framework": {
        "type": "Transitive",
        "resolved": "3.5.1",
        "contentHash": "U5txtc3ORno73xQx9Lf2gWzfaSZnZwKHfLkTAslhlew9lxe5XbUiCt0dY1fHeAf8yRqszUAe5i/+xLC9R/Xfsw==",
        "dependencies": {
          "System.IO.Packaging": "8.0.1"
        }
      },
      "System.IO.Packaging": {
        "type": "Transitive",
        "resolved": "8.0.1",
        "contentHash": "KYkIOAvPexQOLDxPO2g0BVoWInnQhPpkFzRqvNrNrMhVT6kqhVr0zEb6KCHlptLFukxnZrjuMVAnxK7pOGUYrw=="
      }
    },
    "net8.0/linux-musl-x64": {},
    "net8.0/linux-x64": {},
    "net8.0/win-x64": {}
  }
}